
Microsoft Visual Studio Solution File, Format Version 12.00
# Visual Studio Version 18
VisualStudioVersion = 18.3.11520.95 d18.3
MinimumVisualStudioVersion = 10.0.40219.1
Project("{FAE04EC0-301F-11D3-BF4B-00C04F79EFBC}") = "SkillTipsResponseAnalyzer", "SkillTipsResponseAnalyzer.csproj", "{AC7C2AB7-F43D-D093-4FEC-8D160A6594F3}"
EndProject
Global
	GlobalSection(SolutionConfigurationPlatforms) = preSolution
		Debug|Any CPU = Debug|Any CPU
		Release|Any CPU = Release|Any CPU
	EndGlobalSection
	GlobalSection(ProjectConfigurationPlatforms) = postSolution
		{AC7C2AB7-F43D-D093-4FEC-8D160A6594F3}.Debug|Any CPU.ActiveCfg = Debug|Any CPU
		{AC7C2AB7-F43D-D093-4FEC-8D160A6594F3}.Debug|Any CPU.Build.0 = Debug|Any CPU
		{AC7C2AB7-F43D-D093-4FEC-8D160A6594F3}.Release|Any CPU.ActiveCfg = Release|Any CPU
		{AC7C2AB7-F43D-D093-4FEC-8D160A6594F3}.Release|Any CPU.Build.0 = Release|Any CPU
	EndGlobalSection
	GlobalSection(SolutionProperties) = preSolution
		HideSolutionNode = FALSE
	EndGlobalSection
	GlobalSection(ExtensibilityGlobals) = postSolution
		SolutionGuid = {AF49E657-8EFD-4F3B-BDE7-A2638B84C08E}
	EndGlobalSection
EndGlobal
